
Microsoft Visual Studio Solution File, Format Version 12.00
# Visual Studio Version 18
VisualStudioVersion = 18.7.11925.98 stable
MinimumVisualStudioVersion = 10.0.40219.1
Project("{FAE04EC0-301F-11D3-BF4B-00C04F79EFBC}") = "AutoTrade", "..\uClient\AutoTrade.csproj", "{FDFF1A5C-8941-44BA-A051-0949B06420E5}"
EndProject
Project("{FAE04EC0-301F-11D3-BF4B-00C04F79EFBC}") = "V4Quote", "..\V4Quote\V4Quote.csproj", "{2683A5E6-4A38-405D-B525-2C30A7AEBDF7}"
EndProject
Project("{2150E333-8FDC-42A3-9474-1A3956D46DE8}") = "Solution Items", "Solution Items", "{DC7CEA4B-8C2F-4490-B3AB-E40F4CEAD742}"
	ProjectSection(SolutionItems) = preProject
		.editorconfig = .editorconfig
	EndProjectSection
EndProject
Project("{FAE04EC0-301F-11D3-BF4B-00C04F79EFBC}") = "iAutoTrade", "..\iAutoTrade\iAutoTrade.csproj", "{3674D2E7-1FFF-408C-9352-01768FE82009}"
EndProject
Project("{FAE04EC0-301F-11D3-BF4B-00C04F79EFBC}") = "AutoTradeMT4", "..\AutoTradeMT4\AutoTradeMT4.csproj", "{6EE42DF3-2201-4382-BD87-DAEA18C42B35}"
EndProject
Project("{FAE04EC0-301F-11D3-BF4B-00C04F79EFBC}") = "AutoTradeSUI", "..\AutoTradeSUI\AutoTradeSUI.csproj", "{01C9E862-9CF3-474D-A8F9-B819F243AB8F}"
EndProject
Project("{FAE04EC0-301F-11D3-BF4B-00C04F79EFBC}") = "AutoTradeEPM", "..\AutoTradeEPM\AutoTradeEPM.csproj", "{1ADA9976-21EF-4F05-AAA1-E1B11DE19DBD}"
EndProject
Project("{FAE04EC0-301F-11D3-BF4B-00C04F79EFBC}") = "AutoTradeV4", "..\AutoTradeV4\AutoTradeV4.csproj", "{CEAD7AB5-3D86-41CE-8538-3A36EAE48F5F}"
EndProject
Project("{FAE04EC0-301F-11D3-BF4B-00C04F79EFBC}") = "AutoTradeTR", "..\AutoTradeTR\AutoTradeTR.csproj", "{D12C9381-A92E-40F4-9B38-7A9FFDDEEC4B}"
EndProject
Project("{FAE04EC0-301F-11D3-BF4B-00C04F79EFBC}") = "T4Example2cs", "..\T4 API Examples\T4Example2cs\T4Example2cs.csproj", "{137BD889-16F5-4BAF-A863-727A38AB3023}"
EndProject
Project("{FAE04EC0-301F-11D3-BF4B-00C04F79EFBC}") = "AutoTradeZYJ", "..\AutoTradeZYJ\AutoTradeZYJ.csproj", "{602AD5A6-74C6-474E-BF20-9A0CF143DD2B}"
EndProject
Project("{FAE04EC0-301F-11D3-BF4B-00C04F79EFBC}") = "AutoTradeEA2", "..\AutoTradeEA2\AutoTradeEA2.csproj", "{723D002A-1928-4963-9F56-FA3A487440B9}"
EndProject
Project("{FAE04EC0-301F-11D3-BF4B-00C04F79EFBC}") = "AutoTradeClient", "..\AutoTradeClient\AutoTradeClient.csproj", "{A4BD29F0-CEBB-4E68-B78C-498950311E44}"
EndProject
Project("{FAE04EC0-301F-11D3-BF4B-00C04F79EFBC}") = "AutoDataLoad", "..\AutoDataLoad\AutoDataLoad.csproj", "{4611923C-E39F-4E9D-9096-421BC44797A2}"
	ProjectSection(ProjectDependencies) = postProject
		{723D002A-1928-4963-9F56-FA3A487440B9} = {723D002A-1928-4963-9F56-FA3A487440B9}
	EndProjectSection
EndProject
Project("{FAE04EC0-301F-11D3-BF4B-00C04F79EFBC}") = "AutoTradeWTG", "..\AutoTradeWTG\AutoTradeWTG.csproj", "{99E80A9D-3B0B-4C4A-B073-1388210AF0E1}"
EndProject
Project("{FAE04EC0-301F-11D3-BF4B-00C04F79EFBC}") = "AutoTradeJSD", "..\AutoTradeJSD\AutoTradeJSD.csproj", "{2358DF4D-77B2-477D-A779-3F2AAF0DFA42}"
EndProject
Project("{888888A0-9F3D-457C-B088-3A5042F75D52}") = "PythonApplication1", "PythonApplication1\PythonApplication1.pyproj", "{020FC746-59F3-4D60-AD61-C50D6D247B31}"
EndProject
Project("{888888A0-9F3D-457C-B088-3A5042F75D52}") = "Ai_EA", "..\Ai_EA\Ai_EA.pyproj", "{37FC14B6-1354-441A-A1C6-B3EC7DADDEF6}"
EndProject
Project("{FAE04EC0-301F-11D3-BF4B-00C04F79EFBC}") = "AutoHorseRace", "..\AutoHorseRace\AutoHorseRace.csproj", "{815B125E-31AB-A719-8744-62115F5D7B16}"
EndProject
Global
	GlobalSection(SolutionConfigurationPlatforms) = preSolution
		Debug|Any CPU = Debug|Any CPU
		Debug|x64 = Debug|x64
		Debug|x86 = Debug|x86
		Release|Any CPU = Release|Any CPU
		Release|x64 = Release|x64
		Release|x86 = Release|x86
	EndGlobalSection
	GlobalSection(ProjectConfigurationPlatforms) = postSolution
		{FDFF1A5C-8941-44BA-A051-0949B06420E5}.Debug|Any CPU.ActiveCfg = Debug|Any CPU
		{FDFF1A5C-8941-44BA-A051-0949B06420E5}.Debug|Any CPU.Build.0 = Debug|Any CPU
		{FDFF1A5C-8941-44BA-A051-0949B06420E5}.Debug|x64.ActiveCfg = Debug|Any CPU
		{FDFF1A5C-8941-44BA-A051-0949B06420E5}.Debug|x64.Build.0 = Debug|Any CPU
		{FDFF1A5C-8941-44BA-A051-0949B06420E5}.Debug|x86.ActiveCfg = Debug|Any CPU
		{FDFF1A5C-8941-44BA-A051-0949B06420E5}.Debug|x86.Build.0 = Debug|Any CPU
		{FDFF1A5C-8941-44BA-A051-0949B06420E5}.Release|Any CPU.ActiveCfg = Release|Any CPU
		{FDFF1A5C-8941-44BA-A051-0949B06420E5}.Release|Any CPU.Build.0 = Release|Any CPU
		{FDFF1A5C-8941-44BA-A051-0949B06420E5}.Release|x64.ActiveCfg = Release|Any CPU
		{FDFF1A5C-8941-44BA-A051-0949B06420E5}.Release|x64.Build.0 = Release|Any CPU
		{FDFF1A5C-8941-44BA-A051-0949B06420E5}.Release|x86.ActiveCfg = Release|Any CPU
		{FDFF1A5C-8941-44BA-A051-0949B06420E5}.Release|x86.Build.0 = Release|Any CPU
		{2683A5E6-4A38-405D-B525-2C30A7AEBDF7}.Debug|Any CPU.ActiveCfg = Debug|Any CPU
		{2683A5E6-4A38-405D-B525-2C30A7AEBDF7}.Debug|Any CPU.Build.0 = Debug|Any CPU
		{2683A5E6-4A38-405D-B525-2C30A7AEBDF7}.Debug|x64.ActiveCfg = Debug|Any CPU
		{2683A5E6-4A38-405D-B525-2C30A7AEBDF7}.Debug|x64.Build.0 = Debug|Any CPU
		{2683A5E6-4A38-405D-B525-2C30A7AEBDF7}.Debug|x86.ActiveCfg = Debug|Any CPU
		{2683A5E6-4A38-405D-B525-2C30A7AEBDF7}.Debug|x86.Build.0 = Debug|Any CPU
		{2683A5E6-4A38-405D-B525-2C30A7AEBDF7}.Release|Any CPU.ActiveCfg = Release|Any CPU
		{2683A5E6-4A38-405D-B525-2C30A7AEBDF7}.Release|Any CPU.Build.0 = Release|Any CPU
		{2683A5E6-4A38-405D-B525-2C30A7AEBDF7}.Release|x64.ActiveCfg = Release|Any CPU
		{2683A5E6-4A38-405D-B525-2C30A7AEBDF7}.Release|x64.Build.0 = Release|Any CPU
		{2683A5E6-4A38-405D-B525-2C30A7AEBDF7}.Release|x86.ActiveCfg = Release|Any CPU
		{2683A5E6-4A38-405D-B525-2C30A7AEBDF7}.Release|x86.Build.0 = Release|Any CPU
		{3674D2E7-1FFF-408C-9352-01768FE82009}.Debug|Any CPU.ActiveCfg = Debug|Any CPU
		{3674D2E7-1FFF-408C-9352-01768FE82009}.Debug|Any CPU.Build.0 = Debug|Any CPU
		{3674D2E7-1FFF-408C-9352-01768FE82009}.Debug|x64.ActiveCfg = Debug|Any CPU
		{3674D2E7-1FFF-408C-9352-01768FE82009}.Debug|x64.Build.0 = Debug|Any CPU
		{3674D2E7-1FFF-408C-9352-01768FE82009}.Debug|x86.ActiveCfg = Debug|Any CPU
		{3674D2E7-1FFF-408C-9352-01768FE82009}.Debug|x86.Build.0 = Debug|Any CPU
		{3674D2E7-1FFF-408C-9352-01768FE82009}.Release|Any CPU.ActiveCfg = Release|Any CPU
		{3674D2E7-1FFF-408C-9352-01768FE82009}.Release|Any CPU.Build.0 = Release|Any CPU
		{3674D2E7-1FFF-408C-9352-01768FE82009}.Release|x64.ActiveCfg = Release|Any CPU
		{3674D2E7-1FFF-408C-9352-01768FE82009}.Release|x64.Build.0 = Release|Any CPU
		{3674D2E7-1FFF-408C-9352-01768FE82009}.Release|x86.ActiveCfg = Release|Any CPU
		{3674D2E7-1FFF-408C-9352-01768FE82009}.Release|x86.Build.0 = Release|Any CPU
		{6EE42DF3-2201-4382-BD87-DAEA18C42B35}.Debug|Any CPU.ActiveCfg = Debug|Any CPU
		{6EE42DF3-2201-4382-BD87-DAEA18C42B35}.Debug|Any CPU.Build.0 = Debug|Any CPU
		{6EE42DF3-2201-4382-BD87-DAEA18C42B35}.Debug|x64.ActiveCfg = Debug|Any CPU
		{6EE42DF3-2201-4382-BD87-DAEA18C42B35}.Debug|x64.Build.0 = Debug|Any CPU
		{6EE42DF3-2201-4382-BD87-DAEA18C42B35}.Debug|x86.ActiveCfg = Debug|Any CPU
		{6EE42DF3-2201-4382-BD87-DAEA18C42B35}.Debug|x86.Build.0 = Debug|Any CPU
		{6EE42DF3-2201-4382-BD87-DAEA18C42B35}.Release|Any CPU.ActiveCfg = Release|Any CPU
		{6EE42DF3-2201-4382-BD87-DAEA18C42B35}.Release|Any CPU.Build.0 = Release|Any CPU
		{6EE42DF3-2201-4382-BD87-DAEA18C42B35}.Release|x64.ActiveCfg = Release|Any CPU
		{6EE42DF3-2201-4382-BD87-DAEA18C42B35}.Release|x64.Build.0 = Release|Any CPU
		{6EE42DF3-2201-4382-BD87-DAEA18C42B35}.Release|x86.ActiveCfg = Release|Any CPU
		{6EE42DF3-2201-4382-BD87-DAEA18C42B35}.Release|x86.Build.0 = Release|Any CPU
		{01C9E862-9CF3-474D-A8F9-B819F243AB8F}.Debug|Any CPU.ActiveCfg = Debug|Any CPU
		{01C9E862-9CF3-474D-A8F9-B819F243AB8F}.Debug|Any CPU.Build.0 = Debug|Any CPU
		{01C9E862-9CF3-474D-A8F9-B819F243AB8F}.Debug|x64.ActiveCfg = Debug|Any CPU
		{01C9E862-9CF3-474D-A8F9-B819F243AB8F}.Debug|x64.Build.0 = Debug|Any CPU
		{01C9E862-9CF3-474D-A8F9-B819F243AB8F}.Debug|x86.ActiveCfg = Debug|Any CPU
		{01C9E862-9CF3-474D-A8F9-B819F243AB8F}.Debug|x86.Build.0 = Debug|Any CPU
		{01C9E862-9CF3-474D-A8F9-B819F243AB8F}.Release|Any CPU.ActiveCfg = Release|Any CPU
		{01C9E862-9CF3-474D-A8F9-B819F243AB8F}.Release|Any CPU.Build.0 = Release|Any CPU
		{01C9E862-9CF3-474D-A8F9-B819F243AB8F}.Release|x64.ActiveCfg = Release|Any CPU
		{01C9E862-9CF3-474D-A8F9-B819F243AB8F}.Release|x64.Build.0 = Release|Any CPU
		{01C9E862-9CF3-474D-A8F9-B819F243AB8F}.Release|x86.ActiveCfg = Release|Any CPU
		{01C9E862-9CF3-474D-A8F9-B819F243AB8F}.Release|x86.Build.0 = Release|Any CPU
		{1ADA9976-21EF-4F05-AAA1-E1B11DE19DBD}.Debug|Any CPU.ActiveCfg = Debug|Any CPU
		{1ADA9976-21EF-4F05-AAA1-E1B11DE19DBD}.Debug|Any CPU.Build.0 = Debug|Any CPU
		{1ADA9976-21EF-4F05-AAA1-E1B11DE19DBD}.Debug|x64.ActiveCfg = Debug|Any CPU
		{1ADA9976-21EF-4F05-AAA1-E1B11DE19DBD}.Debug|x64.Build.0 = Debug|Any CPU
		{1ADA9976-21EF-4F05-AAA1-E1B11DE19DBD}.Debug|x86.ActiveCfg = Debug|Any CPU
		{1ADA9976-21EF-4F05-AAA1-E1B11DE19DBD}.Debug|x86.Build.0 = Debug|Any CPU
		{1ADA9976-21EF-4F05-AAA1-E1B11DE19DBD}.Release|Any CPU.ActiveCfg = Release|Any CPU
		{1ADA9976-21EF-4F05-AAA1-E1B11DE19DBD}.Release|Any CPU.Build.0 = Release|Any CPU
		{1ADA9976-21EF-4F05-AAA1-E1B11DE19DBD}.Release|x64.ActiveCfg = Release|Any CPU
		{1ADA9976-21EF-4F05-AAA1-E1B11DE19DBD}.Release|x64.Build.0 = Release|Any CPU
		{1ADA9976-21EF-4F05-AAA1-E1B11DE19DBD}.Release|x86.ActiveCfg = Release|Any CPU
		{1ADA9976-21EF-4F05-AAA1-E1B11DE19DBD}.Release|x86.Build.0 = Release|Any CPU
		{CEAD7AB5-3D86-41CE-8538-3A36EAE48F5F}.Debug|Any CPU.ActiveCfg = Debug|Any CPU
		{CEAD7AB5-3D86-41CE-8538-3A36EAE48F5F}.Debug|Any CPU.Build.0 = Debug|Any CPU
		{CEAD7AB5-3D86-41CE-8538-3A36EAE48F5F}.Debug|x64.ActiveCfg = Debug|Any CPU
		{CEAD7AB5-3D86-41CE-8538-3A36EAE48F5F}.Debug|x64.Build.0 = Debug|Any CPU
		{CEAD7AB5-3D86-41CE-8538-3A36EAE48F5F}.Debug|x86.ActiveCfg = Debug|Any CPU
		{CEAD7AB5-3D86-41CE-8538-3A36EAE48F5F}.Debug|x86.Build.0 = Debug|Any CPU
		{CEAD7AB5-3D86-41CE-8538-3A36EAE48F5F}.Release|Any CPU.ActiveCfg = Release|Any CPU
		{CEAD7AB5-3D86-41CE-8538-3A36EAE48F5F}.Release|Any CPU.Build.0 = Release|Any CPU
		{CEAD7AB5-3D86-41CE-8538-3A36EAE48F5F}.Release|x64.ActiveCfg = Release|Any CPU
		{CEAD7AB5-3D86-41CE-8538-3A36EAE48F5F}.Release|x64.Build.0 = Release|Any CPU
		{CEAD7AB5-3D86-41CE-8538-3A36EAE48F5F}.Release|x86.ActiveCfg = Release|Any CPU
		{CEAD7AB5-3D86-41CE-8538-3A36EAE48F5F}.Release|x86.Build.0 = Release|Any CPU
		{D12C9381-A92E-40F4-9B38-7A9FFDDEEC4B}.Debug|Any CPU.ActiveCfg = Debug|Any CPU
		{D12C9381-A92E-40F4-9B38-7A9FFDDEEC4B}.Debug|Any CPU.Build.0 = Debug|Any CPU
		{D12C9381-A92E-40F4-9B38-7A9FFDDEEC4B}.Debug|x64.ActiveCfg = Debug|Any CPU
		{D12C9381-A92E-40F4-9B38-7A9FFDDEEC4B}.Debug|x64.Build.0 = Debug|Any CPU
		{D12C9381-A92E-40F4-9B38-7A9FFDDEEC4B}.Debug|x86.ActiveCfg = Debug|Any CPU
		{D12C9381-A92E-40F4-9B38-7A9FFDDEEC4B}.Debug|x86.Build.0 = Debug|Any CPU
		{D12C9381-A92E-40F4-9B38-7A9FFDDEEC4B}.Release|Any CPU.ActiveCfg = Release|Any CPU
		{D12C9381-A92E-40F4-9B38-7A9FFDDEEC4B}.Release|Any CPU.Build.0 = Release|Any CPU
		{D12C9381-A92E-40F4-9B38-7A9FFDDEEC4B}.Release|x64.ActiveCfg = Release|Any CPU
		{D12C9381-A92E-40F4-9B38-7A9FFDDEEC4B}.Release|x64.Build.0 = Release|Any CPU
		{D12C9381-A92E-40F4-9B38-7A9FFDDEEC4B}.Release|x86.ActiveCfg = Release|Any CPU
		{D12C9381-A92E-40F4-9B38-7A9FFDDEEC4B}.Release|x86.Build.0 = Release|Any CPU
		{137BD889-16F5-4BAF-A863-727A38AB3023}.Debug|Any CPU.ActiveCfg = Debug|Any CPU
		{137BD889-16F5-4BAF-A863-727A38AB3023}.Debug|Any CPU.Build.0 = Debug|Any CPU
		{137BD889-16F5-4BAF-A863-727A38AB3023}.Debug|x64.ActiveCfg = Debug|Any CPU
		{137BD889-16F5-4BAF-A863-727A38AB3023}.Debug|x64.Build.0 = Debug|Any CPU
		{137BD889-16F5-4BAF-A863-727A38AB3023}.Debug|x86.ActiveCfg = Debug|Any CPU
		{137BD889-16F5-4BAF-A863-727A38AB3023}.Debug|x86.Build.0 = Debug|Any CPU
		{137BD889-16F5-4BAF-A863-727A38AB3023}.Release|Any CPU.ActiveCfg = Release|Any CPU
		{137BD889-16F5-4BAF-A863-727A38AB3023}.Release|Any CPU.Build.0 = Release|Any CPU
		{137BD889-16F5-4BAF-A863-727A38AB3023}.Release|x64.ActiveCfg = Release|Any CPU
		{137BD889-16F5-4BAF-A863-727A38AB3023}.Release|x64.Build.0 = Release|Any CPU
		{137BD889-16F5-4BAF-A863-727A38AB3023}.Release|x86.ActiveCfg = Release|Any CPU
		{137BD889-16F5-4BAF-A863-727A38AB3023}.Release|x86.Build.0 = Release|Any CPU
		{602AD5A6-74C6-474E-BF20-9A0CF143DD2B}.Debug|Any CPU.ActiveCfg = Debug|Any CPU
		{602AD5A6-74C6-474E-BF20-9A0CF143DD2B}.Debug|Any CPU.Build.0 = Debug|Any CPU
		{602AD5A6-74C6-474E-BF20-9A0CF143DD2B}.Debug|x64.ActiveCfg = Debug|Any CPU
		{602AD5A6-74C6-474E-BF20-9A0CF143DD2B}.Debug|x64.Build.0 = Debug|Any CPU
		{602AD5A6-74C6-474E-BF20-9A0CF143DD2B}.Debug|x86.ActiveCfg = Debug|Any CPU
		{602AD5A6-74C6-474E-BF20-9A0CF143DD2B}.Debug|x86.Build.0 = Debug|Any CPU
		{602AD5A6-74C6-474E-BF20-9A0CF143DD2B}.Release|Any CPU.ActiveCfg = Release|Any CPU
		{602AD5A6-74C6-474E-BF20-9A0CF143DD2B}.Release|Any CPU.Build.0 = Release|Any CPU
		{602AD5A6-74C6-474E-BF20-9A0CF143DD2B}.Release|x64.ActiveCfg = Release|Any CPU
		{602AD5A6-74C6-474E-BF20-9A0CF143DD2B}.Release|x64.Build.0 = Release|Any CPU
		{602AD5A6-74C6-474E-BF20-9A0CF143DD2B}.Release|x86.ActiveCfg = Release|Any CPU
		{602AD5A6-74C6-474E-BF20-9A0CF143DD2B}.Release|x86.Build.0 = Release|Any CPU
		{723D002A-1928-4963-9F56-FA3A487440B9}.Debug|Any CPU.ActiveCfg = Debug|Any CPU
		{723D002A-1928-4963-9F56-FA3A487440B9}.Debug|Any CPU.Build.0 = Debug|Any CPU
		{723D002A-1928-4963-9F56-FA3A487440B9}.Debug|x64.ActiveCfg = Debug|Any CPU
		{723D002A-1928-4963-9F56-FA3A487440B9}.Debug|x64.Build.0 = Debug|Any CPU
		{723D002A-1928-4963-9F56-FA3A487440B9}.Debug|x86.ActiveCfg = Debug|Any CPU
		{723D002A-1928-4963-9F56-FA3A487440B9}.Debug|x86.Build.0 = Debug|Any CPU
		{723D002A-1928-4963-9F56-FA3A487440B9}.Release|Any CPU.ActiveCfg = Release|Any CPU
		{723D002A-1928-4963-9F56-FA3A487440B9}.Release|Any CPU.Build.0 = Release|Any CPU
		{723D002A-1928-4963-9F56-FA3A487440B9}.Release|x64.ActiveCfg = Release|Any CPU
		{723D002A-1928-4963-9F56-FA3A487440B9}.Release|x64.Build.0 = Release|Any CPU
		{723D002A-1928-4963-9F56-FA3A487440B9}.Release|x86.ActiveCfg = Release|Any CPU
		{723D002A-1928-4963-9F56-FA3A487440B9}.Release|x86.Build.0 = Release|Any CPU
		{A4BD29F0-CEBB-4E68-B78C-498950311E44}.Debug|Any CPU.ActiveCfg = Debug|Any CPU
		{A4BD29F0-CEBB-4E68-B78C-498950311E44}.Debug|Any CPU.Build.0 = Debug|Any CPU
		{A4BD29F0-CEBB-4E68-B78C-498950311E44}.Debug|x64.ActiveCfg = Debug|Any CPU
		{A4BD29F0-CEBB-4E68-B78C-498950311E44}.Debug|x64.Build.0 = Debug|Any CPU
		{A4BD29F0-CEBB-4E68-B78C-498950311E44}.Debug|x86.ActiveCfg = Debug|Any CPU
		{A4BD29F0-CEBB-4E68-B78C-498950311E44}.Debug|x86.Build.0 = Debug|Any CPU
		{A4BD29F0-CEBB-4E68-B78C-498950311E44}.Release|Any CPU.ActiveCfg = Release|Any CPU
		{A4BD29F0-CEBB-4E68-B78C-498950311E44}.Release|Any CPU.Build.0 = Release|Any CPU
		{A4BD29F0-CEBB-4E68-B78C-498950311E44}.Release|x64.ActiveCfg = Release|Any CPU
		{A4BD29F0-CEBB-4E68-B78C-498950311E44}.Release|x64.Build.0 = Release|Any CPU
		{A4BD29F0-CEBB-4E68-B78C-498950311E44}.Release|x86.ActiveCfg = Release|Any CPU
		{A4BD29F0-CEBB-4E68-B78C-498950311E44}.Release|x86.Build.0 = Release|Any CPU
		{4611923C-E39F-4E9D-9096-421BC44797A2}.Debug|Any CPU.ActiveCfg = Debug|Any CPU
		{4611923C-E39F-4E9D-9096-421BC44797A2}.Debug|Any CPU.Build.0 = Debug|Any CPU
		{4611923C-E39F-4E9D-9096-421BC44797A2}.Debug|x64.ActiveCfg = Debug|Any CPU
		{4611923C-E39F-4E9D-9096-421BC44797A2}.Debug|x64.Build.0 = Debug|Any CPU
		{4611923C-E39F-4E9D-9096-421BC44797A2}.Debug|x86.ActiveCfg = Debug|Any CPU
		{4611923C-E39F-4E9D-9096-421BC44797A2}.Debug|x86.Build.0 = Debug|Any CPU
		{4611923C-E39F-4E9D-9096-421BC44797A2}.Release|Any CPU.ActiveCfg = Release|Any CPU
		{4611923C-E39F-4E9D-9096-421BC44797A2}.Release|Any CPU.Build.0 = Release|Any CPU
		{4611923C-E39F-4E9D-9096-421BC44797A2}.Release|x64.ActiveCfg = Release|Any CPU
		{4611923C-E39F-4E9D-9096-421BC44797A2}.Release|x64.Build.0 = Release|Any CPU
		{4611923C-E39F-4E9D-9096-421BC44797A2}.Release|x86.ActiveCfg = Release|Any CPU
		{4611923C-E39F-4E9D-9096-421BC44797A2}.Release|x86.Build.0 = Release|Any CPU
		{99E80A9D-3B0B-4C4A-B073-1388210AF0E1}.Debug|Any CPU.ActiveCfg = Debug|Any CPU
		{99E80A9D-3B0B-4C4A-B073-1388210AF0E1}.Debug|Any CPU.Build.0 = Debug|Any CPU
		{99E80A9D-3B0B-4C4A-B073-1388210AF0E1}.Debug|x64.ActiveCfg = Debug|Any CPU
		{99E80A9D-3B0B-4C4A-B073-1388210AF0E1}.Debug|x64.Build.0 = Debug|Any CPU
		{99E80A9D-3B0B-4C4A-B073-1388210AF0E1}.Debug|x86.ActiveCfg = Debug|Any CPU
		{99E80A9D-3B0B-4C4A-B073-1388210AF0E1}.Debug|x86.Build.0 = Debug|Any CPU
		{99E80A9D-3B0B-4C4A-B073-1388210AF0E1}.Release|Any CPU.ActiveCfg = Release|Any CPU
		{99E80A9D-3B0B-4C4A-B073-1388210AF0E1}.Release|Any CPU.Build.0 = Release|Any CPU
		{99E80A9D-3B0B-4C4A-B073-1388210AF0E1}.Release|x64.ActiveCfg = Release|Any CPU
		{99E80A9D-3B0B-4C4A-B073-1388210AF0E1}.Release|x64.Build.0 = Release|Any CPU
		{99E80A9D-3B0B-4C4A-B073-1388210AF0E1}.Release|x86.ActiveCfg = Release|Any CPU
		{99E80A9D-3B0B-4C4A-B073-1388210AF0E1}.Release|x86.Build.0 = Release|Any CPU
		{2358DF4D-77B2-477D-A779-3F2AAF0DFA42}.Debug|Any CPU.ActiveCfg = Debug|Any CPU
		{2358DF4D-77B2-477D-A779-3F2AAF0DFA42}.Debug|Any CPU.Build.0 = Debug|Any CPU
		{2358DF4D-77B2-477D-A779-3F2AAF0DFA42}.Debug|x64.ActiveCfg = Debug|Any CPU
		{2358DF4D-77B2-477D-A779-3F2AAF0DFA42}.Debug|x64.Build.0 = Debug|Any CPU
		{2358DF4D-77B2-477D-A779-3F2AAF0DFA42}.Debug|x86.ActiveCfg = Debug|Any CPU
		{2358DF4D-77B2-477D-A779-3F2AAF0DFA42}.Debug|x86.Build.0 = Debug|Any CPU
		{2358DF4D-77B2-477D-A779-3F2AAF0DFA42}.Release|Any CPU.ActiveCfg = Release|Any CPU
		{2358DF4D-77B2-477D-A779-3F2AAF0DFA42}.Release|Any CPU.Build.0 = Release|Any CPU
		{2358DF4D-77B2-477D-A779-3F2AAF0DFA42}.Release|x64.ActiveCfg = Release|Any CPU
		{2358DF4D-77B2-477D-A779-3F2AAF0DFA42}.Release|x64.Build.0 = Release|Any CPU
		{2358DF4D-77B2-477D-A779-3F2AAF0DFA42}.Release|x86.ActiveCfg = Release|Any CPU
		{2358DF4D-77B2-477D-A779-3F2AAF0DFA42}.Release|x86.Build.0 = Release|Any CPU
		{020FC746-59F3-4D60-AD61-C50D6D247B31}.Debug|Any CPU.ActiveCfg = Debug|Any CPU
		{020FC746-59F3-4D60-AD61-C50D6D247B31}.Debug|x64.ActiveCfg = Debug|Any CPU
		{020FC746-59F3-4D60-AD61-C50D6D247B31}.Debug|x86.ActiveCfg = Debug|Any CPU
		{020FC746-59F3-4D60-AD61-C50D6D247B31}.Release|Any CPU.ActiveCfg = Release|Any CPU
		{020FC746-59F3-4D60-AD61-C50D6D247B31}.Release|x64.ActiveCfg = Release|Any CPU
		{020FC746-59F3-4D60-AD61-C50D6D247B31}.Release|x86.ActiveCfg = Release|Any CPU
		{37FC14B6-1354-441A-A1C6-B3EC7DADDEF6}.Debug|Any CPU.ActiveCfg = Debug|Any CPU
		{37FC14B6-1354-441A-A1C6-B3EC7DADDEF6}.Debug|x64.ActiveCfg = Debug|Any CPU
		{37FC14B6-1354-441A-A1C6-B3EC7DADDEF6}.Debug|x86.ActiveCfg = Debug|Any CPU
		{37FC14B6-1354-441A-A1C6-B3EC7DADDEF6}.Release|Any CPU.ActiveCfg = Release|Any CPU
		{37FC14B6-1354-441A-A1C6-B3EC7DADDEF6}.Release|x64.ActiveCfg = Release|Any CPU
		{37FC14B6-1354-441A-A1C6-B3EC7DADDEF6}.Release|x86.ActiveCfg = Release|Any CPU
		{815B125E-31AB-A719-8744-62115F5D7B16}.Debug|Any CPU.ActiveCfg = Debug|Any CPU
		{815B125E-31AB-A719-8744-62115F5D7B16}.Debug|Any CPU.Build.0 = Debug|Any CPU
		{815B125E-31AB-A719-8744-62115F5D7B16}.Debug|x64.ActiveCfg = Debug|Any CPU
		{815B125E-31AB-A719-8744-62115F5D7B16}.Debug|x64.Build.0 = Debug|Any CPU
		{815B125E-31AB-A719-8744-62115F5D7B16}.Debug|x86.ActiveCfg = Debug|Any CPU
		{815B125E-31AB-A719-8744-62115F5D7B16}.Debug|x86.Build.0 = Debug|Any CPU
		{815B125E-31AB-A719-8744-62115F5D7B16}.Release|Any CPU.ActiveCfg = Release|Any CPU
		{815B125E-31AB-A719-8744-62115F5D7B16}.Release|Any CPU.Build.0 = Release|Any CPU
		{815B125E-31AB-A719-8744-62115F5D7B16}.Release|x64.ActiveCfg = Release|Any CPU
		{815B125E-31AB-A719-8744-62115F5D7B16}.Release|x64.Build.0 = Release|Any CPU
		{815B125E-31AB-A719-8744-62115F5D7B16}.Release|x86.ActiveCfg = Release|Any CPU
		{815B125E-31AB-A719-8744-62115F5D7B16}.Release|x86.Build.0 = Release|Any CPU
	EndGlobalSection
	GlobalSection(SolutionProperties) = preSolution
		HideSolutionNode = FALSE
	EndGlobalSection
	GlobalSection(ExtensibilityGlobals) = postSolution
		SolutionGuid = {266B0412-E9F0-4C6E-9BAD-CE464BFFF49A}
	EndGlobalSection
EndGlobal
